
Microsoft Visual Studio Solution File, Format Version 12.00
# Visual Studio Version 17
VisualStudioVersion = 17.8.34330.188
MinimumVisualStudioVersion = 10.0.40219.1
Project("{FAE04EC0-301F-11D3-BF4B-00C04F79EFBC}") = "GuitArtistsWeb", "GuitArtistsWeb\GuitArtistsWeb.csproj", "{AA5A9E9D-EEF1-45F9-85A4-8FB984622961}"
EndProject
Global
	GlobalSection(SolutionConfigurationPlatforms) = preSolution
		Debug|Any CPU = Debug|Any CPU
		Release|Any CPU = Release|Any CPU
	EndGlobalSection
	GlobalSection(ProjectConfigurationPlatforms) = postSolution
		{AA5A9E9D-EEF1-45F9-85A4-8FB984622961}.Debug|Any CPU.ActiveCfg = Debug|Any CPU
		{AA5A9E9D-EEF1-45F9-85A4-8FB984622961}.Debug|Any CPU.Build.0 = Debug|Any CPU
		{AA5A9E9D-EEF1-45F9-85A4-8FB984622961}.Release|Any CPU.ActiveCfg = Release|Any CPU
		{AA5A9E9D-EEF1-45F9-85A4-8FB984622961}.Release|Any CPU.Build.0 = Release|Any CPU
	EndGlobalSection
	GlobalSection(SolutionProperties) = preSolution
		HideSolutionNode = FALSE
	EndGlobalSection
	GlobalSection(ExtensibilityGlobals) = postSolution
		SolutionGuid = {AAFA3B36-6762-494C-8AE0-DB505B6451E8}
	EndGlobalSection
EndGlobal
